<?xml version="1.0" encoding="utf-8"?>
<Project ToolsVersion="4.0" xmlns="http://schemas.microsoft.com/developer/msbuild/2003">
  <ItemGroup>
    <Filter Include="Quelldateien">
      <UniqueIdentifier>{4FC737F1-C7A5-4376-A066-2A32D752A2FF}</UniqueIdentifier>
      <Extensions>cpp;c;cc;cxx;c++;cppm;ixx;def;odl;idl;hpj;bat;asm;asmx</Extensions>
    </Filter>
    <Filter Include="Headerdateien">
      <UniqueIdentifier>{93995380-89BD-4b04-88EB-625FBE52EBFB}</UniqueIdentifier>
      <Extensions>h;hh;hpp;hxx;h++;hm;inl;inc;ipp;xsd</Extensions>
    </Filter>
    <Filter Include="Ressourcendateien">
      <UniqueIdentifier>{67DA6AB6-F800-4c08-8B7A-83BB121AAD01}</UniqueIdentifier>
      <Extensions>rc;ico;cur;bmp;dlg;rc2;rct;bin;rgs;gif;jpg;jpeg;jpe;resx;tiff;tif;png;wav;mfcribbon-ms</Extensions>
    </Filter>
  </ItemGroup>
  <ItemGroup>
    <ClCompile Include="source\main.cpp">
      <Filter>Quelldateien</Filter>
    </ClCompile>
    <ClCompile Include="source\Renderer\OpenGLWindow.cpp">
      <Filter>Quelldateien</Filter>
    </ClCompile>
    <ClCompile Include="source\Renderer\OptixView.cpp">
      <Filter>Quelldateien</Filter>
    </ClCompile>
    <ClCompile Include="source\ModelLoading\ModelLoader.cpp">
      <Filter>Quelldateien</Filter>
    </ClCompile>
    <ClCompile Include="source\Renderer\OptiX\OptixRenderer.cpp">
      <Filter>Quelldateien</Filter>
    </ClCompile>
    <ClCompile Include="source\ModelLoading\Mesh.cpp">
      <Filter>Quelldateien</Filter>
    </ClCompile>
    <ClCompile Include="source\Renderer\Camera.cpp">
      <Filter>Quelldateien</Filter>
    </ClCompile>
    <ClCompile Include="source\Renderer\OpenGL\ShaderProgramm.cpp">
      <Filter>Quelldateien</Filter>
    </ClCompile>
    <ClCompile Include="source\Renderer\OpenGL\Framebuffer.cpp">
      <Filter>Quelldateien</Filter>
    </ClCompile>
    <ClCompile Include="source\Renderer\OpenGL\GLTexture2D.cpp">
      <Filter>Quelldateien</Filter>
    </ClCompile>
    <ClCompile Include="source\Renderer\OptiX\MinimalAgX.h">
      <Filter>Quelldateien</Filter>
    </ClCompile>
  </ItemGroup>
  <ItemGroup>
    <ClInclude Include="source\3rdParty\OptixSample\CUDABuffer.h">
      <Filter>Headerdateien</Filter>
    </ClInclude>
    <ClInclude Include="source\3rdParty\OptixSample\optix7.h">
      <Filter>Headerdateien</Filter>
    </ClInclude>
    <ClInclude Include="source\Renderer\OpenGLWindow.h">
      <Filter>Headerdateien</Filter>
    </ClInclude>
    <ClInclude Include="source\Renderer\OptixView.h">
      <Filter>Headerdateien</Filter>
    </ClInclude>
    <ClInclude Include="source\ModelLoading\ModelLoader.h">
      <Filter>Headerdateien</Filter>
    </ClInclude>
    <ClInclude Include="source\ModelLoading\Mesh.h">
      <Filter>Headerdateien</Filter>
    </ClInclude>
    <ClInclude Include="source\Renderer\OptiX\LaunchParams.h">
      <Filter>Headerdateien</Filter>
    </ClInclude>
    <ClInclude Include="source\Renderer\OptiX\OptixRenderer.h">
      <Filter>Headerdateien</Filter>
    </ClInclude>
    <ClInclude Include="source\ModelLoading\Model.h">
      <Filter>Headerdateien</Filter>
    </ClInclude>
    <ClInclude Include="source\Renderer\OptiX\MeshSBTData.h">
      <Filter>Headerdateien</Filter>
    </ClInclude>
    <ClInclude Include="source\Renderer\OptiX\OptixHelpers.h">
      <Filter>Headerdateien</Filter>
    </ClInclude>
    <ClInclude Include="source\ModelLoading\Texture.h">
      <Filter>Headerdateien</Filter>
    </ClInclude>
    <ClInclude Include="source\Renderer\Camera.h">
      <Filter>Headerdateien</Filter>
    </ClInclude>
    <ClInclude Include="source\Renderer\OpenGL\ShaderProgramm.h">
      <Filter>Headerdateien</Filter>
    </ClInclude>
    <ClInclude Include="source\Renderer\OpenGL\GLTexture2D.h">
      <Filter>Headerdateien</Filter>
    </ClInclude>
    <ClInclude Include="source\Renderer\OpenGL\Framebuffer.h">
      <Filter>Headerdateien</Filter>
    </ClInclude>
    <ClInclude Include="source\Renderer\OptiX\random.h">
      <Filter>Headerdateien</Filter>
    </ClInclude>
    <ClInclude Include="source\Renderer\OptiX\Lights.h">
      <Filter>Headerdateien</Filter>
    </ClInclude>
    <ClInclude Include="source\Renderer\OptiX\glmCUDA.h">
      <Filter>Headerdateien</Filter>
    </ClInclude>
    <ClInclude Include="source\Renderer\OptiX\AgxDS.h">
      <Filter>Headerdateien</Filter>
    </ClInclude>
    <ClInclude Include="source\Renderer\OptiX\BRDF\ConductorBRDF.h">
      <Filter>Headerdateien</Filter>
    </ClInclude>
    <ClInclude Include="source\Renderer\OptiX\Surface.h">
      <Filter>Headerdateien</Filter>
    </ClInclude>
    <ClInclude Include="source\Renderer\OptiX\BRDF\DielectricBRDF.h">
      <Filter>Headerdateien</Filter>
    </ClInclude>
    <ClInclude Include="source\Renderer\OptiX\BRDF\Microfacet.h">
      <Filter>Headerdateien</Filter>
    </ClInclude>
    <ClInclude Include="source\Renderer\OptiX\PBRT\Microfacet.h">
      <Filter>Headerdateien</Filter>
    </ClInclude>
    <ClInclude Include="source\Renderer\OptiX\PBRT\SphericalGeometry.h">
      <Filter>Headerdateien</Filter>
    </ClInclude>
    <ClInclude Include="source\Renderer\OptiX\PBRT\Conductor.h">
      <Filter>Headerdateien</Filter>
    </ClInclude>
  </ItemGroup>
  <ItemGroup>
    <None Include="..\..\..\..\Users\damia\Desktop\IDK-Engine\IDKEngine\Resource\Final Scenes Lights\3\untitled.bin">
      <Filter>Ressourcendateien</Filter>
    </None>
    <None Include="source\Renderer\OptiX\devicePrograms.cu.ptx" />
    <None Include="source\Renderer\OpenGL\Shader\PostProcess.vert" />
    <None Include="source\Renderer\OpenGL\Shader\AddPathtracedFrame.frag" />
    <None Include="source\Renderer\OpenGL\Shader\Final.frag" />
  </ItemGroup>
  <ItemGroup>
    <CudaCompile Include="source\Renderer\OptiX\devicePrograms.cu" />
  </ItemGroup>
</Project>